version = 1
requires-python = ">=3.10"

[[package]]
name = "annotated-types"
version = "0.7.0"
source = { registry = "https://pypi.org/simple" }
sdist = { url = "https://files.pythonhosted.org/packages/ee/67/531ea369ba64dcff5ec9c3402f9f51bf748cec26dde048a2f973a4eea7f5/annotated_types-0.7.0.tar.gz", hash = "sha256:aff07c09a53a08bc8cfccb9c85b05f1aa9a2a6f23728d790723543408344ce89", size = 16081 }
wheels = [
    { url = "https://files.pythonhosted.org/packages/78/b6/6307fbef88d9b5ee7421e68d78a9f162e0da4900bc5f5793f6d3d0e34fb8/annotated_types-0.7.0-py3-none-any.whl", hash = "sha256:1f02e8b43a8fbbc3f3e0d4f0f4bfc8131bcb4eebe8849b8e5c773f3a1c582a53", size = 13643 },
]

[[package]]
name = "anyio"
version = "4.7.0"
source = { registry = "https://pypi.org/simple" }
dependencies = [
    { name = "exceptiongroup", marker = "python_full_version < '3.11'" },
    { name = "idna" },
    { name = "sniffio" },
    { name = "typing-extensions", marker = "python_full_version < '3.13'" },
]
sdist = { url = "https://files.pythonhosted.org/packages/f6/40/318e58f669b1a9e00f5c4453910682e2d9dd594334539c7b7817dabb765f/anyio-4.7.0.tar.gz", hash = "sha256:2f834749c602966b7d456a7567cafcb309f96482b5081d14ac93ccd457f9dd48", size = 177076 }
wheels = [
    { url = "https://files.pythonhosted.org/packages/a0/7a/4daaf3b6c08ad7ceffea4634ec206faeff697526421c20f07628c7372156/anyio-4.7.0-py3-none-any.whl", hash = "sha256:ea60c3723ab42ba6fff7e8ccb0488c898ec538ff4df1f1d5e642c3601d07e352", size = 93052 },
]

[[package]]
name = "browser-cookie3"
version = "0.19.1"
source = { registry = "https://pypi.org/simple" }
dependencies = [
    { name = "jeepney", marker = "'bsd' in sys_platform or sys_platform == 'linux'" },
    { name = "lz4" },
    { name = "pycryptodomex" },
]
sdist = { url = "https://files.pythonhosted.org/packages/27/74/38bce788694ab4db1f91b729d782e85fefe855ccd1a5f74ee03e6ac43008/browser-cookie3-0.19.1.tar.gz", hash = "sha256:3031ad14b96b47ef1e4c8545f2f463e10ad844ef834dcd0ebdae361e31c6119a", size = 19969 }
wheels = [
    { url = "https://files.pythonhosted.org/packages/0a/0d/0fa3b3a13870a9beb4739449e2fc0071d66715b5c300783966541867457c/browser_cookie3-0.19.1-py3-none-any.whl", hash = "sha256:114e40fe80853211d65f14bc690a7d90c4c287251593dc5767692a950a9006d4", size = 14672 },
]

[[package]]
name = "certifi"
version = "2024.12.14"
source = { registry = "https://pypi.org/simple" }
sdist = { url = "https://files.pythonhosted.org/packages/0f/bd/1d41ee578ce09523c81a15426705dd20969f5abf006d1afe8aeff0dd776a/certifi-2024.12.14.tar.gz", hash = "sha256:b650d30f370c2b724812bee08008be0c4163b163ddaec3f2546c1caf65f191db", size = 166010 }
wheels = [
    { url = "https://files.pythonhosted.org/packages/a5/32/8f6669fc4798494966bf446c8c4a162e0b5d893dff088afddf76414f70e1/certifi-2024.12.14-py3-none-any.whl", hash = "sha256:1275f7a45be9464efc1173084eaa30f866fe2e47d389406136d332ed4967ec56", size = 164927 },
]

[[package]]
name = "exceptiongroup"
version = "1.2.2"
source = { registry = "https://pypi.org/simple" }
sdist = { url = "https://files.pythonhosted.org/packages/09/35/2495c4ac46b980e4ca1f6ad6db102322ef3ad2410b79fdde159a4b0f3b92/exceptiongroup-1.2.2.tar.gz", hash = "sha256:47c2edf7c6738fafb49fd34290706d1a1a2f4d1c6df275526b62cbb4aa5393cc", size = 28883 }
wheels = [
    { url = "https://files.pythonhosted.org/packages/02/cc/b7e31358aac6ed1ef2bb790a9746ac2c69bcb3c8588b41616914eb106eaf/exceptiongroup-1.2.2-py3-none-any.whl", hash = "sha256:3111b9d131c238bec2f8f516e123e14ba243563fb135d3fe885990585aa7795b", size = 16453 },
]

[[package]]
name = "familylink"
version = "0.1.6"
source = { editable = "." }
dependencies = [
    { name = "browser-cookie3" },
    { name = "httpx" },
    { name = "pydantic" },
]

[package.metadata]
requires-dist = [
    { name = "browser-cookie3", specifier = ">=0.19.1" },
    { name = "httpx", specifier = ">=0.28.1" },
    { name = "pydantic", specifier = ">=2.10.3" },
]

[[package]]
name = "h11"
version = "0.14.0"
source = { registry = "https://pypi.org/simple" }
sdist = { url = "https://files.pythonhosted.org/packages/f5/38/3af3d3633a34a3316095b39c8e8fb4853a28a536e55d347bd8d8e9a14b03/h11-0.14.0.tar.gz", hash = "sha256:8f19fbbe99e72420ff35c00b27a34cb9937e902a8b810e2c88300c6f0a3b699d", size = 100418 }
wheels = [
    { url = "https://files.pythonhosted.org/packages/95/04/ff642e65ad6b90db43e668d70ffb6736436c7ce41fcc549f4e9472234127/h11-0.14.0-py3-none-any.whl", hash = "sha256:e3fe4ac4b851c468cc8363d500db52c2ead036020723024a109d37346efaa761", size = 58259 },
]

[[package]]
name = "httpcore"
version = "1.0.7"
source = { registry = "https://pypi.org/simple" }
dependencies = [
    { name = "certifi" },
    { name = "h11" },
]
sdist = { url = "https://files.pythonhosted.org/packages/6a/41/d7d0a89eb493922c37d343b607bc1b5da7f5be7e383740b4753ad8943e90/httpcore-1.0.7.tar.gz", hash = "sha256:8551cb62a169ec7162ac7be8d4817d561f60e08eaa485234898414bb5a8a0b4c", size = 85196 }
wheels = [
    { url = "https://files.pythonhosted.org/packages/87/f5/72347bc88306acb359581ac4d52f23c0ef445b57157adedb9aee0cd689d2/httpcore-1.0.7-py3-none-any.whl", hash = "sha256:a3fff8f43dc260d5bd363d9f9cf1830fa3a458b332856f34282de498ed420edd", size = 78551 },
]

[[package]]
name = "httpx"
version = "0.28.1"
source = { registry = "https://pypi.org/simple" }
dependencies = [
    { name = "anyio" },
    { name = "certifi" },
    { name = "httpcore" },
    { name = "idna" },
]
sdist = { url = "https://files.pythonhosted.org/packages/b1/df/48c586a5fe32a0f01324ee087459e112ebb7224f646c0b5023f5e79e9956/httpx-0.28.1.tar.gz", hash = "sha256:75e98c5f16b0f35b567856f597f06ff2270a374470a5c2392242528e3e3e42fc", size = 141406 }
wheels = [
    { url = "https://files.pythonhosted.org/packages/2a/39/e50c7c3a983047577ee07d2a9e53faf5a69493943ec3f6a384bdc792deb2/httpx-0.28.1-py3-none-any.whl", hash = "sha256:d909fcccc110f8c7faf814ca82a9a4d816bc5a6dbfea25d6591d6985b8ba59ad", size = 73517 },
]

[[package]]
name = "idna"
version = "3.10"
source = { registry = "https://pypi.org/simple" }
sdist = { url = "https://files.pythonhosted.org/packages/f1/70/7703c29685631f5a7590aa73f1f1d3fa9a380e654b86af429e0934a32f7d/idna-3.10.tar.gz", hash = "sha256:12f65c9b470abda6dc35cf8e63cc574b1c52b11df2c86030af0ac09b01b13ea9", size = 190490 }
wheels = [
    { url = "https://files.pythonhosted.org/packages/76/c6/c88e154df9c4e1a2a66ccf0005a88dfb2650c1dffb6f5ce603dfbd452ce3/idna-3.10-py3-none-any.whl", hash = "sha256:946d195a0d259cbba61165e88e65941f16e9b36ea6ddb97f00452bae8b1287d3", size = 70442 },
]

[[package]]
name = "jeepney"
version = "0.8.0"
source = { registry = "https://pypi.org/simple" }
sdist = { url = "https://files.pythonhosted.org/packages/d6/f4/154cf374c2daf2020e05c3c6a03c91348d59b23c5366e968feb198306fdf/jeepney-0.8.0.tar.gz", hash = "sha256:5efe48d255973902f6badc3ce55e2aa6c5c3b3bc642059ef3a91247bcfcc5806", size = 106005 }
wheels = [
    { url = "https://files.pythonhosted.org/packages/ae/72/2a1e2290f1ab1e06f71f3d0f1646c9e4634e70e1d37491535e19266e8dc9/jeepney-0.8.0-py3-none-any.whl", hash = "sha256:c0a454ad016ca575060802ee4d590dd912e35c122fa04e70306de3d076cce755", size = 48435 },
]

[[package]]
name = "lz4"
version = "4.3.3"
source = { registry = "https://pypi.org/simple" }
sdist = { url = "https://files.pythonhosted.org/packages/a4/31/ec1259ca8ad11568abaf090a7da719616ca96b60d097ccc5799cd0ff599c/lz4-4.3.3.tar.gz", hash = "sha256:01fe674ef2889dbb9899d8a67361e0c4a2c833af5aeb37dd505727cf5d2a131e", size = 171509 }
wheels = [
    { url = "https://files.pythonhosted.org/packages/ff/53/61258b5effac76dea5768b07042b2c3c56e15a91194cef92284a0dc0f5e7/lz4-4.3.3-cp310-cp310-macosx_10_9_x86_64.whl", hash = "sha256:b891880c187e96339474af2a3b2bfb11a8e4732ff5034be919aa9029484cd201", size = 254266 },
    { url = "https://files.pythonhosted.org/packages/92/84/c243a5515950d72ff04220fd49903801825e4ac23691e19e7082d9d9f94b/lz4-4.3.3-cp310-cp310-macosx_11_0_arm64.whl", hash = "sha256:222a7e35137d7539c9c33bb53fcbb26510c5748779364014235afc62b0ec797f", size = 212359 },
    { url = "https://files.pythonhosted.org/packages/10/26/5287564a909d069fdd6c25f2f420c58c5758993fa3ad2e064a7b610e6e5f/lz4-4.3.3-cp310-cp310-manylinux_2_17_aarch64.manylinux2014_aarch64.whl", hash = "sha256:f76176492ff082657ada0d0f10c794b6da5800249ef1692b35cf49b1e93e8ef7", size = 1237799 },
    { url = "https://files.pythonhosted.org/packages/cf/50/75c8f966dbcc524e7253f99b8e04c6cad7328f517eb0323abf8b4068f5bb/lz4-4.3.3-cp310-cp310-manylinux_2_17_x86_64.manylinux2014_x86_64.whl", hash = "sha256:f1d18718f9d78182c6b60f568c9a9cec8a7204d7cb6fad4e511a2ef279e4cb05", size = 1263957 },
    { url = "https://files.pythonhosted.org/packages/91/54/0f61c77a9599beb14ac5b828e8da20a04c6eaadb4f3fdbd79a817c66eb74/lz4-4.3.3-cp310-cp310-manylinux_2_5_i686.manylinux1_i686.manylinux_2_17_i686.manylinux2014_i686.whl", hash = "sha256:6cdc60e21ec70266947a48839b437d46025076eb4b12c76bd47f8e5eb8a75dcc", size = 1184035 },
    { url = "https://files.pythonhosted.org/packages/8e/84/3be7fad87d84b67cd43174d67fc567e0aa3be154f8b0a1c2c0ff8df30854/lz4-4.3.3-cp310-cp310-win32.whl", hash = "sha256:c81703b12475da73a5d66618856d04b1307e43428a7e59d98cfe5a5d608a74c6", size = 87235 },
    { url = "https://files.pythonhosted.org/packages/21/08/dc4714eb771b502deec8a714e40e5fbd2242bacd5fe55dcd29a0cb35c567/lz4-4.3.3-cp310-cp310-win_amd64.whl", hash = "sha256:43cf03059c0f941b772c8aeb42a0813d68d7081c009542301637e5782f8a33e2", size = 99781 },
    { url = "https://files.pythonhosted.org/packages/f9/f7/cfb942edd53c8a6aba168720ccf3d6a0cac3e891a7feba97d5823b5dd047/lz4-4.3.3-cp311-cp311-macosx_10_9_x86_64.whl", hash = "sha256:30e8c20b8857adef7be045c65f47ab1e2c4fabba86a9fa9a997d7674a31ea6b6", size = 254267 },
    { url = "https://files.pythonhosted.org/packages/71/ca/046bd7e7e1ed4639eb398192374bc3fbf5010d3c168361fec161b63e8bfa/lz4-4.3.3-cp311-cp311-macosx_11_0_arm64.whl", hash = "sha256:2f7b1839f795315e480fb87d9bc60b186a98e3e5d17203c6e757611ef7dcef61", size = 212353 },
    { url = "https://files.pythonhosted.org/packages/0c/c2/5beb6a7bb7fd27cd5fe5bb93c15636d30987794b161e4609fbf20dc3b5c7/lz4-4.3.3-cp311-cp311-manylinux_2_17_aarch64.manylinux2014_aarch64.whl", hash = "sha256:edfd858985c23523f4e5a7526ca6ee65ff930207a7ec8a8f57a01eae506aaee7", size = 1239095 },
    { url = "https://files.pythonhosted.org/packages/cf/d4/12915eb3083dfd1746d50b71b73334030b129cd25abbed9133dd2d413c21/lz4-4.3.3-cp311-cp311-manylinux_2_17_x86_64.manylinux2014_x86_64.whl", hash = "sha256:0e9c410b11a31dbdc94c05ac3c480cb4b222460faf9231f12538d0074e56c563", size = 1265760 },
    { url = "https://files.pythonhosted.org/packages/94/7b/5e72b7504d7675b484812bfc65fe958f7649a64e0d6fe35c11812511f0b5/lz4-4.3.3-cp311-cp311-manylinux_2_5_i686.manylinux1_i686.manylinux_2_17_i686.manylinux2014_i686.whl", hash = "sha256:d2507ee9c99dbddd191c86f0e0c8b724c76d26b0602db9ea23232304382e1f21", size = 1185451 },
    { url = "https://files.pythonhosted.org/packages/2f/b5/3726a678b3a0c64d24e71179e35e7ff8e3553da9d32c2fddce879d042b63/lz4-4.3.3-cp311-cp311-win32.whl", hash = "sha256:f180904f33bdd1e92967923a43c22899e303906d19b2cf8bb547db6653ea6e7d", size = 87232 },
    { url = "https://files.pythonhosted.org/packages/55/f9/69ed96043dae4d982286a4dda2feb473f49e95e4c90a928ec583d93769a2/lz4-4.3.3-cp311-cp311-win_amd64.whl", hash = "sha256:b14d948e6dce389f9a7afc666d60dd1e35fa2138a8ec5306d30cd2e30d36b40c", size = 99794 },
    { url = "https://files.pythonhosted.org/packages/4d/6f/081811b17ccaec5f06b3030756af2737841447849118a6e1078481a78c6c/lz4-4.3.3-cp312-cp312-macosx_10_9_x86_64.whl", hash = "sha256:e36cd7b9d4d920d3bfc2369840da506fa68258f7bb176b8743189793c055e43d", size = 254213 },
    { url = "https://files.pythonhosted.org/packages/53/4d/8e04ef75feff8848ba3c624ce81c7732bdcea5f8f994758afa88cd3d7764/lz4-4.3.3-cp312-cp312-macosx_11_0_arm64.whl", hash = "sha256:31ea4be9d0059c00b2572d700bf2c1bc82f241f2c3282034a759c9a4d6ca4dc2", size = 212354 },
    { url = "https://files.pythonhosted.org/packages/a3/04/257a72d6a879dbc8c669018989f776fcdd5b4bf3c2c51c09a54f1ca31721/lz4-4.3.3-cp312-cp312-manylinux_2_17_aarch64.manylinux2014_aarch64.whl", hash = "sha256:33c9a6fd20767ccaf70649982f8f3eeb0884035c150c0b818ea660152cf3c809", size = 1238643 },
    { url = "https://files.pythonhosted.org/packages/d9/93/4a7e489156fa7ded03ba9cde4a8ca7f373672b5787cac9a0391befa752a1/lz4-4.3.3-cp312-cp312-manylinux_2_17_x86_64.manylinux2014_x86_64.whl", hash = "sha256:bca8fccc15e3add173da91be8f34121578dc777711ffd98d399be35487c934bf", size = 1265014 },
    { url = "https://files.pythonhosted.org/packages/fd/a4/f84ebc23bc7602623b1b003b4e1120cbf86fb03a35c595c226be1985449b/lz4-4.3.3-cp312-cp312-manylinux_2_5_i686.manylinux1_i686.manylinux_2_17_i686.manylinux2014_i686.whl", hash = "sha256:e7d84b479ddf39fe3ea05387f10b779155fc0990125f4fb35d636114e1c63a2e", size = 1184881 },
    { url = "https://files.pythonhosted.org/packages/de/3d/8ba48305378e84908221de143a21ba0c0ce52778893865cf85b66b1068da/lz4-4.3.3-cp312-cp312-win32.whl", hash = "sha256:337cb94488a1b060ef1685187d6ad4ba8bc61d26d631d7ba909ee984ea736be1", size = 87241 },
    { url = "https://files.pythonhosted.org/packages/c4/5d/7b70965a0692de29af2af1007fe837f46fd456bbe2aa8f838a8543a3b5cb/lz4-4.3.3-cp312-cp312-win_amd64.whl", hash = "sha256:5d35533bf2cee56f38ced91f766cd0038b6abf46f438a80d50c52750088be93f", size = 99776 },
]

[[package]]
name = "pycryptodomex"
version = "3.21.0"
source = { registry = "https://pypi.org/simple" }
sdist = { url = "https://files.pythonhosted.org/packages/11/dc/e66551683ade663b5f07d7b3bc46434bf703491dbd22ee12d1f979ca828f/pycryptodomex-3.21.0.tar.gz", hash = "sha256:222d0bd05381dd25c32dd6065c071ebf084212ab79bab4599ba9e6a3e0009e6c", size = 4818543 }
wheels = [
    { url = "https://files.pythonhosted.org/packages/22/5e/99f217d9881eead69607a2248dd7bbdf610837d7f5ad53f45a6cb71bbbfb/pycryptodomex-3.21.0-cp36-abi3-macosx_10_9_universal2.whl", hash = "sha256:34325b84c8b380675fd2320d0649cdcbc9cf1e0d1526edbe8fce43ed858cdc7e", size = 2499490 },
    { url = "https://files.pythonhosted.org/packages/ce/8f/4d0e2a859a6470289d64e39b419f01d2494dfa2e4995342d50f6c2834237/pycryptodomex-3.21.0-cp36-abi3-macosx_10_9_x86_64.whl", hash = "sha256:103c133d6cd832ae7266feb0a65b69e3a5e4dbbd6f3a3ae3211a557fd653f516", size = 1638037 },
    { url = "https://files.pythonhosted.org/packages/0c/9e/6e748c1fa814c956d356f93cf7192b19487ca56fc9e2a0bcde2bbc057601/pycryptodomex-3.21.0-cp36-abi3-manylinux_2_17_aarch64.manylinux2014_aarch64.whl", hash = "sha256:77ac2ea80bcb4b4e1c6a596734c775a1615d23e31794967416afc14852a639d3", size = 2172279 },
    { url = "https://files.pythonhosted.org/packages/46/3f/f5bef92b11750af9e3516d4e69736eeeff20a2818d34611508bef5a7b381/pycryptodomex-3.21.0-cp36-abi3-manylinux_2_17_x86_64.manylinux2014_x86_64.whl", hash = "sha256:9aa0cf13a1a1128b3e964dc667e5fe5c6235f7d7cfb0277213f0e2a783837cc2", size = 2258130 },
    { url = "https://files.pythonhosted.org/packages/de/4d/f0c65afd64ce435fd0547187ce6f99dfb37cdde16b05b57bca9f5c06966e/pycryptodomex-3.21.0-cp36-abi3-manylinux_2_5_i686.manylinux1_i686.manylinux_2_17_i686.manylinux2014_i686.whl", hash = "sha256:46eb1f0c8d309da63a2064c28de54e5e614ad17b7e2f88df0faef58ce192fc7b", size = 2297719 },
    { url = "https://files.pythonhosted.org/packages/1c/6a/2a1a101b0345ee70376ba93df8de6c8c01aac8341fda02970800873456a7/pycryptodomex-3.21.0-cp36-abi3-musllinux_1_1_aarch64.whl", hash = "sha256:cc7e111e66c274b0df5f4efa679eb31e23c7545d702333dfd2df10ab02c2a2ce", size = 2164079 },
    { url = "https://files.pythonhosted.org/packages/3d/00/90a15f16c234815b660303c2d7266b41b401ea2605f3a90373e9d425e39f/pycryptodomex-3.21.0-cp36-abi3-musllinux_1_2_i686.whl", hash = "sha256:770d630a5c46605ec83393feaa73a9635a60e55b112e1fb0c3cea84c2897aa0a", size = 2333060 },
    { url = "https://files.pythonhosted.org/packages/61/74/49f5d20c514ccc631b940cc9dfec45dcce418dc84a98463a2e2ebec33904/pycryptodomex-3.21.0-cp36-abi3-musllinux_1_2_x86_64.whl", hash = "sha256:52e23a0a6e61691134aa8c8beba89de420602541afaae70f66e16060fdcd677e", size = 2257982 },
    { url = "https://files.pythonhosted.org/packages/92/4b/d33ef74e2cc0025a259936661bb53432c5bbbadc561c5f2e023bcd73ce4c/pycryptodomex-3.21.0-cp36-abi3-win32.whl", hash = "sha256:a3d77919e6ff56d89aada1bd009b727b874d464cb0e2e3f00a49f7d2e709d76e", size = 1779052 },
    { url = "https://files.pythonhosted.org/packages/5b/be/7c991840af1184009fc86267160948350d1bf875f153c97bb471ad944e40/pycryptodomex-3.21.0-cp36-abi3-win_amd64.whl", hash = "sha256:b0e9765f93fe4890f39875e6c90c96cb341767833cfa767f41b490b506fa9ec0", size = 1816307 },
    { url = "https://files.pythonhosted.org/packages/af/ac/24125ad36778914a36f08d61ba5338cb9159382c638d9761ee19c8de822c/pycryptodomex-3.21.0-pp27-pypy_73-manylinux2010_x86_64.whl", hash = "sha256:feaecdce4e5c0045e7a287de0c4351284391fe170729aa9182f6bd967631b3a8", size = 1694999 },
    { url = "https://files.pythonhosted.org/packages/93/73/be7a54a5903508070e5508925ba94493a1f326cfeecfff750e3eb250ea28/pycryptodomex-3.21.0-pp27-pypy_73-win32.whl", hash = "sha256:365aa5a66d52fd1f9e0530ea97f392c48c409c2f01ff8b9a39c73ed6f527d36c", size = 1769437 },
    { url = "https://files.pythonhosted.org/packages/e5/9f/39a6187f3986841fa6a9f35c6fdca5030ef73ff708b45a993813a51d7d10/pycryptodomex-3.21.0-pp310-pypy310_pp73-macosx_10_15_x86_64.whl", hash = "sha256:3efddfc50ac0ca143364042324046800c126a1d63816d532f2e19e6f2d8c0c31", size = 1619607 },
    { url = "https://files.pythonhosted.org/packages/f8/70/60bb08e9e9841b18d4669fb69d84b64ce900aacd7eb0ebebd4c7b9bdecd3/pycryptodomex-3.21.0-pp310-pypy310_pp73-manylinux_2_17_x86_64.manylinux2014_x86_64.whl", hash = "sha256:0df2608682db8279a9ebbaf05a72f62a321433522ed0e499bc486a6889b96bf3", size = 1653571 },
    { url = "https://files.pythonhosted.org/packages/c9/6f/191b73509291c5ff0dddec9cc54797b1d73303c12b2e4017b24678e57099/pycryptodomex-3.21.0-pp310-pypy310_pp73-manylinux_2_5_i686.manylinux1_i686.manylinux_2_17_i686.manylinux2014_i686.whl", hash = "sha256:5823d03e904ea3e53aebd6799d6b8ec63b7675b5d2f4a4bd5e3adcb512d03b37", size = 1691548 },
    { url = "https://files.pythonhosted.org/packages/2d/c7/a0d3356f3074ac548afefa515ff46f3bea011deca607faf1c09b26dd5330/pycryptodomex-3.21.0-pp310-pypy310_pp73-win_amd64.whl", hash = "sha256:27e84eeff24250ffec32722334749ac2a57a5fd60332cd6a0680090e7c42877e", size = 1792099 },
]

[[package]]
name = "pydantic"
version = "2.10.3"
source = { registry = "https://pypi.org/simple" }
dependencies = [
    { name = "annotated-types" },
    { name = "pydantic-core" },
    { name = "typing-extensions" },
]
sdist = { url = "https://files.pythonhosted.org/packages/45/0f/27908242621b14e649a84e62b133de45f84c255eecb350ab02979844a788/pydantic-2.10.3.tar.gz", hash = "sha256:cb5ac360ce894ceacd69c403187900a02c4b20b693a9dd1d643e1effab9eadf9", size = 786486 }
wheels = [
    { url = "https://files.pythonhosted.org/packages/62/51/72c18c55cf2f46ff4f91ebcc8f75aa30f7305f3d726be3f4ebffb4ae972b/pydantic-2.10.3-py3-none-any.whl", hash = "sha256:be04d85bbc7b65651c5f8e6b9976ed9c6f41782a55524cef079a34a0bb82144d", size = 456997 },
]

[[package]]
name = "pydantic-core"
version = "2.27.1"
source = { registry = "https://pypi.org/simple" }
dependencies = [
    { name = "typing-extensions" },
]
sdist = { url = "https://files.pythonhosted.org/packages/a6/9f/7de1f19b6aea45aeb441838782d68352e71bfa98ee6fa048d5041991b33e/pydantic_core-2.27.1.tar.gz", hash = "sha256:62a763352879b84aa31058fc931884055fd75089cccbd9d58bb6afd01141b235", size = 412785 }
wheels = [
    { url = "https://files.pythonhosted.org/packages/6e/ce/60fd96895c09738648c83f3f00f595c807cb6735c70d3306b548cc96dd49/pydantic_core-2.27.1-cp310-cp310-macosx_10_12_x86_64.whl", hash = "sha256:71a5e35c75c021aaf400ac048dacc855f000bdfed91614b4a726f7432f1f3d6a", size = 1897984 },
    { url = "https://files.pythonhosted.org/packages/fd/b9/84623d6b6be98cc209b06687d9bca5a7b966ffed008d15225dd0d20cce2e/pydantic_core-2.27.1-cp310-cp310-macosx_11_0_arm64.whl", hash = "sha256:f82d068a2d6ecfc6e054726080af69a6764a10015467d7d7b9f66d6ed5afa23b", size = 1807491 },
    { url = "https://files.pythonhosted.org/packages/01/72/59a70165eabbc93b1111d42df9ca016a4aa109409db04304829377947028/pydantic_core-2.27.1-cp310-cp310-manylinux_2_17_aarch64.manylinux2014_aarch64.whl", hash = "sha256:121ceb0e822f79163dd4699e4c54f5ad38b157084d97b34de8b232bcaad70278", size = 1831953 },
    { url = "https://files.pythonhosted.org/packages/7c/0c/24841136476adafd26f94b45bb718a78cb0500bd7b4f8d667b67c29d7b0d/pydantic_core-2.27.1-cp310-cp310-manylinux_2_17_armv7l.manylinux2014_armv7l.whl", hash = "sha256:4603137322c18eaf2e06a4495f426aa8d8388940f3c457e7548145011bb68e05", size = 1856071 },
    { url = "https://files.pythonhosted.org/packages/53/5e/c32957a09cceb2af10d7642df45d1e3dbd8596061f700eac93b801de53c0/pydantic_core-2.27.1-cp310-cp310-manylinux_2_17_ppc64le.manylinux2014_ppc64le.whl", hash = "sha256:a33cd6ad9017bbeaa9ed78a2e0752c5e250eafb9534f308e7a5f7849b0b1bfb4", size = 2038439 },
    { url = "https://files.pythonhosted.org/packages/e4/8f/979ab3eccd118b638cd6d8f980fea8794f45018255a36044dea40fe579d4/pydantic_core-2.27.1-cp310-cp310-manylinux_2_17_s390x.manylinux2014_s390x.whl", hash = "sha256:15cc53a3179ba0fcefe1e3ae50beb2784dede4003ad2dfd24f81bba4b23a454f", size = 2787416 },
    { url = "https://files.pythonhosted.org/packages/02/1d/00f2e4626565b3b6d3690dab4d4fe1a26edd6a20e53749eb21ca892ef2df/pydantic_core-2.27.1-cp310-cp310-manylinux_2_17_x86_64.manylinux2014_x86_64.whl", hash = "sha256:45d9c5eb9273aa50999ad6adc6be5e0ecea7e09dbd0d31bd0c65a55a2592ca08", size = 2134548 },
    { url = "https://files.pythonhosted.org/packages/9d/46/3112621204128b90898adc2e721a3cd6cf5626504178d6f32c33b5a43b79/pydantic_core-2.27.1-cp310-cp310-manylinux_2_5_i686.manylinux1_i686.whl", hash = "sha256:8bf7b66ce12a2ac52d16f776b31d16d91033150266eb796967a7e4621707e4f6", size = 1989882 },
    { url = "https://files.pythonhosted.org/packages/49/ec/557dd4ff5287ffffdf16a31d08d723de6762bb1b691879dc4423392309bc/pydantic_core-2.27.1-cp310-cp310-musllinux_1_1_aarch64.whl", hash = "sha256:655d7dd86f26cb15ce8a431036f66ce0318648f8853d709b4167786ec2fa4807", size = 1995829 },
    { url = "https://files.pythonhosted.org/packages/6e/b2/610dbeb74d8d43921a7234555e4c091cb050a2bdb8cfea86d07791ce01c5/pydantic_core-2.27.1-cp310-cp310-musllinux_1_1_armv7l.whl", hash = "sha256:5556470f1a2157031e676f776c2bc20acd34c1990ca5f7e56f1ebf938b9ab57c", size = 2091257 },
    { url = "https://files.pythonhosted.org/packages/8c/7f/4bf8e9d26a9118521c80b229291fa9558a07cdd9a968ec2d5c1026f14fbc/pydantic_core-2.27.1-cp310-cp310-musllinux_1_1_x86_64.whl", hash = "sha256:f69ed81ab24d5a3bd93861c8c4436f54afdf8e8cc421562b0c7504cf3be58206", size = 2143894 },
    { url = "https://files.pythonhosted.org/packages/1f/1c/875ac7139c958f4390f23656fe696d1acc8edf45fb81e4831960f12cd6e4/pydantic_core-2.27.1-cp310-none-win32.whl", hash = "sha256:f5a823165e6d04ccea61a9f0576f345f8ce40ed533013580e087bd4d7442b52c", size = 1816081 },
    { url = "https://files.pythonhosted.org/packages/d7/41/55a117acaeda25ceae51030b518032934f251b1dac3704a53781383e3491/pydantic_core-2.27.1-cp310-none-win_amd64.whl", hash = "sha256:57866a76e0b3823e0b56692d1a0bf722bffb324839bb5b7226a7dbd6c9a40b17", size = 1981109 },
    { url = "https://files.pythonhosted.org/packages/27/39/46fe47f2ad4746b478ba89c561cafe4428e02b3573df882334bd2964f9cb/pydantic_core-2.27.1-cp311-cp311-macosx_10_12_x86_64.whl", hash = "sha256:ac3b20653bdbe160febbea8aa6c079d3df19310d50ac314911ed8cc4eb7f8cb8", size = 1895553 },
    { url = "https://files.pythonhosted.org/packages/1c/00/0804e84a78b7fdb394fff4c4f429815a10e5e0993e6ae0e0b27dd20379ee/pydantic_core-2.27.1-cp311-cp311-macosx_11_0_arm64.whl", hash = "sha256:a5a8e19d7c707c4cadb8c18f5f60c843052ae83c20fa7d44f41594c644a1d330", size = 1807220 },
    { url = "https://files.pythonhosted.org/packages/01/de/df51b3bac9820d38371f5a261020f505025df732ce566c2a2e7970b84c8c/pydantic_core-2.27.1-cp311-cp311-manylinux_2_17_aarch64.manylinux2014_aarch64.whl", hash = "sha256:7f7059ca8d64fea7f238994c97d91f75965216bcbe5f695bb44f354893f11d52", size = 1829727 },
    { url = "https://files.pythonhosted.org/packages/5f/d9/c01d19da8f9e9fbdb2bf99f8358d145a312590374d0dc9dd8dbe484a9cde/pydantic_core-2.27.1-cp311-cp311-manylinux_2_17_armv7l.manylinux2014_armv7l.whl", hash = "sha256:bed0f8a0eeea9fb72937ba118f9db0cb7e90773462af7962d382445f3005e5a4", size = 1854282 },
    { url = "https://files.pythonhosted.org/packages/5f/84/7db66eb12a0dc88c006abd6f3cbbf4232d26adfd827a28638c540d8f871d/pydantic_core-2.27.1-cp311-cp311-manylinux_2_17_ppc64le.manylinux2014_ppc64le.whl", hash = "sha256:a3cb37038123447cf0f3ea4c74751f6a9d7afef0eb71aa07bf5f652b5e6a132c", size = 2037437 },
    { url = "https://files.pythonhosted.org/packages/34/ac/a2537958db8299fbabed81167d58cc1506049dba4163433524e06a7d9f4c/pydantic_core-2.27.1-cp311-cp311-manylinux_2_17_s390x.manylinux2014_s390x.whl", hash = "sha256:84286494f6c5d05243456e04223d5a9417d7f443c3b76065e75001beb26f88de", size = 2780899 },
    { url = "https://files.pythonhosted.org/packages/4a/c1/3e38cd777ef832c4fdce11d204592e135ddeedb6c6f525478a53d1c7d3e5/pydantic_core-2.27.1-cp311-cp311-manylinux_2_17_x86_64.manylinux2014_x86_64.whl", hash = "sha256:acc07b2cfc5b835444b44a9956846b578d27beeacd4b52e45489e93276241025", size = 2135022 },
    { url = "https://files.pythonhosted.org/packages/7a/69/b9952829f80fd555fe04340539d90e000a146f2a003d3fcd1e7077c06c71/pydantic_core-2.27.1-cp311-cp311-manylinux_2_5_i686.manylinux1_i686.whl", hash = "sha256:4fefee876e07a6e9aad7a8c8c9f85b0cdbe7df52b8a9552307b09050f7512c7e", size = 1987969 },
    { url = "https://files.pythonhosted.org/packages/05/72/257b5824d7988af43460c4e22b63932ed651fe98804cc2793068de7ec554/pydantic_core-2.27.1-cp311-cp311-musllinux_1_1_aarch64.whl", hash = "sha256:258c57abf1188926c774a4c94dd29237e77eda19462e5bb901d88adcab6af919", size = 1994625 },
    { url = "https://files.pythonhosted.org/packages/73/c3/78ed6b7f3278a36589bcdd01243189ade7fc9b26852844938b4d7693895b/pydantic_core-2.27.1-cp311-cp311-musllinux_1_1_armv7l.whl", hash = "sha256:35c14ac45fcfdf7167ca76cc80b2001205a8d5d16d80524e13508371fb8cdd9c", size = 2090089 },
    { url = "https://files.pythonhosted.org/packages/8d/c8/b4139b2f78579960353c4cd987e035108c93a78371bb19ba0dc1ac3b3220/pydantic_core-2.27.1-cp311-cp311-musllinux_1_1_x86_64.whl", hash = "sha256:d1b26e1dff225c31897696cab7d4f0a315d4c0d9e8666dbffdb28216f3b17fdc", size = 2142496 },
    { url = "https://files.pythonhosted.org/packages/3e/f8/171a03e97eb36c0b51981efe0f78460554a1d8311773d3d30e20c005164e/pydantic_core-2.27.1-cp311-none-win32.whl", hash = "sha256:2cdf7d86886bc6982354862204ae3b2f7f96f21a3eb0ba5ca0ac42c7b38598b9", size = 1811758 },
    { url = "https://files.pythonhosted.org/packages/6a/fe/4e0e63c418c1c76e33974a05266e5633e879d4061f9533b1706a86f77d5b/pydantic_core-2.27.1-cp311-none-win_amd64.whl", hash = "sha256:3af385b0cee8df3746c3f406f38bcbfdc9041b5c2d5ce3e5fc6637256e60bbc5", size = 1980864 },
    { url = "https://files.pythonhosted.org/packages/50/fc/93f7238a514c155a8ec02fc7ac6376177d449848115e4519b853820436c5/pydantic_core-2.27.1-cp311-none-win_arm64.whl", hash = "sha256:81f2ec23ddc1b476ff96563f2e8d723830b06dceae348ce02914a37cb4e74b89", size = 1864327 },
    { url = "https://files.pythonhosted.org/packages/be/51/2e9b3788feb2aebff2aa9dfbf060ec739b38c05c46847601134cc1fed2ea/pydantic_core-2.27.1-cp312-cp312-macosx_10_12_x86_64.whl", hash = "sha256:9cbd94fc661d2bab2bc702cddd2d3370bbdcc4cd0f8f57488a81bcce90c7a54f", size = 1895239 },
    { url = "https://files.pythonhosted.org/packages/7b/9e/f8063952e4a7d0127f5d1181addef9377505dcce3be224263b25c4f0bfd9/pydantic_core-2.27.1-cp312-cp312-macosx_11_0_arm64.whl", hash = "sha256:5f8c4718cd44ec1580e180cb739713ecda2bdee1341084c1467802a417fe0f02", size = 1805070 },
    { url = "https://files.pythonhosted.org/packages/2c/9d/e1d6c4561d262b52e41b17a7ef8301e2ba80b61e32e94520271029feb5d8/pydantic_core-2.27.1-cp312-cp312-manylinux_2_17_aarch64.manylinux2014_aarch64.whl", hash = "sha256:15aae984e46de8d376df515f00450d1522077254ef6b7ce189b38ecee7c9677c", size = 1828096 },
    { url = "https://files.pythonhosted.org/packages/be/65/80ff46de4266560baa4332ae3181fffc4488ea7d37282da1a62d10ab89a4/pydantic_core-2.27.1-cp312-cp312-manylinux_2_17_armv7l.manylinux2014_armv7l.whl", hash = "sha256:1ba5e3963344ff25fc8c40da90f44b0afca8cfd89d12964feb79ac1411a260ac", size = 1857708 },
    { url = "https://files.pythonhosted.org/packages/d5/ca/3370074ad758b04d9562b12ecdb088597f4d9d13893a48a583fb47682cdf/pydantic_core-2.27.1-cp312-cp312-manylinux_2_17_ppc64le.manylinux2014_ppc64le.whl", hash = "sha256:992cea5f4f3b29d6b4f7f1726ed8ee46c8331c6b4eed6db5b40134c6fe1768bb", size = 2037751 },
    { url = "https://files.pythonhosted.org/packages/b1/e2/4ab72d93367194317b99d051947c071aef6e3eb95f7553eaa4208ecf9ba4/pydantic_core-2.27.1-cp312-cp312-manylinux_2_17_s390x.manylinux2014_s390x.whl", hash = "sha256:0325336f348dbee6550d129b1627cb8f5351a9dc91aad141ffb96d4937bd9529", size = 2733863 },
    { url = "https://files.pythonhosted.org/packages/8a/c6/8ae0831bf77f356bb73127ce5a95fe115b10f820ea480abbd72d3cc7ccf3/pydantic_core-2.27.1-cp312-cp312-manylinux_2_17_x86_64.manylinux2014_x86_64.whl", hash = "sha256:7597c07fbd11515f654d6ece3d0e4e5093edc30a436c63142d9a4b8e22f19c35", size = 2161161 },
    { url = "https://files.pythonhosted.org/packages/f1/f4/b2fe73241da2429400fc27ddeaa43e35562f96cf5b67499b2de52b528cad/pydantic_core-2.27.1-cp312-cp312-manylinux_2_5_i686.manylinux1_i686.whl", hash = "sha256:3bbd5d8cc692616d5ef6fbbbd50dbec142c7e6ad9beb66b78a96e9c16729b089", size = 1993294 },
    { url = "https://files.pythonhosted.org/packages/77/29/4bb008823a7f4cc05828198153f9753b3bd4c104d93b8e0b1bfe4e187540/pydantic_core-2.27.1-cp312-cp312-musllinux_1_1_aarch64.whl", hash = "sha256:dc61505e73298a84a2f317255fcc72b710b72980f3a1f670447a21efc88f8381", size = 2001468 },
    { url = "https://files.pythonhosted.org/packages/f2/a9/0eaceeba41b9fad851a4107e0cf999a34ae8f0d0d1f829e2574f3d8897b0/pydantic_core-2.27.1-cp312-cp312-musllinux_1_1_armv7l.whl", hash = "sha256:e1f735dc43da318cad19b4173dd1ffce1d84aafd6c9b782b3abc04a0d5a6f5bb", size = 2091413 },
    { url = "https://files.pythonhosted.org/packages/d8/36/eb8697729725bc610fd73940f0d860d791dc2ad557faaefcbb3edbd2b349/pydantic_core-2.27.1-cp312-cp312-musllinux_1_1_x86_64.whl", hash = "sha256:f4e5658dbffe8843a0f12366a4c2d1c316dbe09bb4dfbdc9d2d9cd6031de8aae", size = 2154735 },
    { url = "https://files.pythonhosted.org/packages/52/e5/4f0fbd5c5995cc70d3afed1b5c754055bb67908f55b5cb8000f7112749bf/pydantic_core-2.27.1-cp312-none-win32.whl", hash = "sha256:672ebbe820bb37988c4d136eca2652ee114992d5d41c7e4858cdd90ea94ffe5c", size = 1833633 },
    { url = "https://files.pythonhosted.org/packages/ee/f2/c61486eee27cae5ac781305658779b4a6b45f9cc9d02c90cb21b940e82cc/pydantic_core-2.27.1-cp312-none-win_amd64.whl", hash = "sha256:66ff044fd0bb1768688aecbe28b6190f6e799349221fb0de0e6f4048eca14c16", size = 1986973 },
    { url = "https://files.pythonhosted.org/packages/df/a6/e3f12ff25f250b02f7c51be89a294689d175ac76e1096c32bf278f29ca1e/pydantic_core-2.27.1-cp312-none-win_arm64.whl", hash = "sha256:9a3b0793b1bbfd4146304e23d90045f2a9b5fd5823aa682665fbdaf2a6c28f3e", size = 1883215 },
    { url = "https://files.pythonhosted.org/packages/0f/d6/91cb99a3c59d7b072bded9959fbeab0a9613d5a4935773c0801f1764c156/pydantic_core-2.27.1-cp313-cp313-macosx_10_12_x86_64.whl", hash = "sha256:f216dbce0e60e4d03e0c4353c7023b202d95cbaeff12e5fd2e82ea0a66905073", size = 1895033 },
    { url = "https://files.pythonhosted.org/packages/07/42/d35033f81a28b27dedcade9e967e8a40981a765795c9ebae2045bcef05d3/pydantic_core-2.27.1-cp313-cp313-macosx_11_0_arm64.whl", hash = "sha256:a2e02889071850bbfd36b56fd6bc98945e23670773bc7a76657e90e6b6603c08", size = 1807542 },
    { url = "https://files.pythonhosted.org/packages/41/c2/491b59e222ec7e72236e512108ecad532c7f4391a14e971c963f624f7569/pydantic_core-2.27.1-cp313-cp313-manylinux_2_17_aarch64.manylinux2014_aarch64.whl", hash = "sha256:42b0e23f119b2b456d07ca91b307ae167cc3f6c846a7b169fca5326e32fdc6cf", size = 1827854 },
    { url = "https://files.pythonhosted.org/packages/e3/f3/363652651779113189cefdbbb619b7b07b7a67ebb6840325117cc8cc3460/pydantic_core-2.27.1-cp313-cp313-manylinux_2_17_armv7l.manylinux2014_armv7l.whl", hash = "sha256:764be71193f87d460a03f1f7385a82e226639732214b402f9aa61f0d025f0737", size = 1857389 },
    { url = "https://files.pythonhosted.org/packages/5f/97/be804aed6b479af5a945daec7538d8bf358d668bdadde4c7888a2506bdfb/pydantic_core-2.27.1-cp313-cp313-manylinux_2_17_ppc64le.manylinux2014_ppc64le.whl", hash = "sha256:1c00666a3bd2f84920a4e94434f5974d7bbc57e461318d6bb34ce9cdbbc1f6b2", size = 2037934 },
    { url = "https://files.pythonhosted.org/packages/42/01/295f0bd4abf58902917e342ddfe5f76cf66ffabfc57c2e23c7681a1a1197/pydantic_core-2.27.1-cp313-cp313-manylinux_2_17_s390x.manylinux2014_s390x.whl", hash = "sha256:3ccaa88b24eebc0f849ce0a4d09e8a408ec5a94afff395eb69baf868f5183107", size = 2735176 },
    { url = "https://files.pythonhosted.org/packages/9d/a0/cd8e9c940ead89cc37812a1a9f310fef59ba2f0b22b4e417d84ab09fa970/pydantic_core-2.27.1-cp313-cp313-manylinux_2_17_x86_64.manylinux2014_x86_64.whl", hash = "sha256:c65af9088ac534313e1963443d0ec360bb2b9cba6c2909478d22c2e363d98a51", size = 2160720 },
    { url = "https://files.pythonhosted.org/packages/73/ae/9d0980e286627e0aeca4c352a60bd760331622c12d576e5ea4441ac7e15e/pydantic_core-2.27.1-cp313-cp313-manylinux_2_5_i686.manylinux1_i686.whl", hash = "sha256:206b5cf6f0c513baffaeae7bd817717140770c74528f3e4c3e1cec7871ddd61a", size = 1992972 },
    { url = "https://files.pythonhosted.org/packages/bf/ba/ae4480bc0292d54b85cfb954e9d6bd226982949f8316338677d56541b85f/pydantic_core-2.27.1-cp313-cp313-musllinux_1_1_aarch64.whl", hash = "sha256:062f60e512fc7fff8b8a9d680ff0ddaaef0193dba9fa83e679c0c5f5fbd018bc", size = 2001477 },
    { url = "https://files.pythonhosted.org/packages/55/b7/e26adf48c2f943092ce54ae14c3c08d0d221ad34ce80b18a50de8ed2cba8/pydantic_core-2.27.1-cp313-cp313-musllinux_1_1_armv7l.whl", hash = "sha256:a0697803ed7d4af5e4c1adf1670af078f8fcab7a86350e969f454daf598c4960", size = 2091186 },
    { url = "https://files.pythonhosted.org/packages/ba/cc/8491fff5b608b3862eb36e7d29d36a1af1c945463ca4c5040bf46cc73f40/pydantic_core-2.27.1-cp313-cp313-musllinux_1_1_x86_64.whl", hash = "sha256:58ca98a950171f3151c603aeea9303ef6c235f692fe555e883591103da709b23", size = 2154429 },
    { url = "https://files.pythonhosted.org/packages/78/d8/c080592d80edd3441ab7f88f865f51dae94a157fc64283c680e9f32cf6da/pydantic_core-2.27.1-cp313-none-win32.whl", hash = "sha256:8065914ff79f7eab1599bd80406681f0ad08f8e47c880f17b416c9f8f7a26d05", size = 1833713 },
    { url = "https://files.pythonhosted.org/packages/83/84/5ab82a9ee2538ac95a66e51f6838d6aba6e0a03a42aa185ad2fe404a4e8f/pydantic_core-2.27.1-cp313-none-win_amd64.whl", hash = "sha256:ba630d5e3db74c79300d9a5bdaaf6200172b107f263c98a0539eeecb857b2337", size = 1987897 },
    { url = "https://files.pythonhosted.org/packages/df/c3/b15fb833926d91d982fde29c0624c9f225da743c7af801dace0d4e187e71/pydantic_core-2.27.1-cp313-none-win_arm64.whl", hash = "sha256:45cf8588c066860b623cd11c4ba687f8d7175d5f7ef65f7129df8a394c502de5", size = 1882983 },
    { url = "https://files.pythonhosted.org/packages/7c/60/e5eb2d462595ba1f622edbe7b1d19531e510c05c405f0b87c80c1e89d5b1/pydantic_core-2.27.1-pp310-pypy310_pp73-macosx_10_12_x86_64.whl", hash = "sha256:3fa80ac2bd5856580e242dbc202db873c60a01b20309c8319b5c5986fbe53ce6", size = 1894016 },
    { url = "https://files.pythonhosted.org/packages/61/20/da7059855225038c1c4326a840908cc7ca72c7198cb6addb8b92ec81c1d6/pydantic_core-2.27.1-pp310-pypy310_pp73-macosx_11_0_arm64.whl", hash = "sha256:d950caa237bb1954f1b8c9227b5065ba6875ac9771bb8ec790d956a699b78676", size = 1771648 },
    { url = "https://files.pythonhosted.org/packages/8f/fc/5485cf0b0bb38da31d1d292160a4d123b5977841ddc1122c671a30b76cfd/pydantic_core-2.27.1-pp310-pypy310_pp73-manylinux_2_17_aarch64.manylinux2014_aarch64.whl", hash = "sha256:0e4216e64d203e39c62df627aa882f02a2438d18a5f21d7f721621f7a5d3611d", size = 1826929 },
    { url = "https://files.pythonhosted.org/packages/a1/ff/fb1284a210e13a5f34c639efc54d51da136074ffbe25ec0c279cf9fbb1c4/pydantic_core-2.27.1-pp310-pypy310_pp73-manylinux_2_17_x86_64.manylinux2014_x86_64.whl", hash = "sha256:02a3d637bd387c41d46b002f0e49c52642281edacd2740e5a42f7017feea3f2c", size = 1980591 },
    { url = "https://files.pythonhosted.org/packages/f1/14/77c1887a182d05af74f6aeac7b740da3a74155d3093ccc7ee10b900cc6b5/pydantic_core-2.27.1-pp310-pypy310_pp73-manylinux_2_5_i686.manylinux1_i686.whl", hash = "sha256:161c27ccce13b6b0c8689418da3885d3220ed2eae2ea5e9b2f7f3d48f1d52c27", size = 1981326 },
    { url = "https://files.pythonhosted.org/packages/06/aa/6f1b2747f811a9c66b5ef39d7f02fbb200479784c75e98290d70004b1253/pydantic_core-2.27.1-pp310-pypy310_pp73-musllinux_1_1_aarch64.whl", hash = "sha256:19910754e4cc9c63bc1c7f6d73aa1cfee82f42007e407c0f413695c2f7ed777f", size = 1989205 },
    { url = "https://files.pythonhosted.org/packages/7a/d2/8ce2b074d6835f3c88d85f6d8a399790043e9fdb3d0e43455e72d19df8cc/pydantic_core-2.27.1-pp310-pypy310_pp73-musllinux_1_1_armv7l.whl", hash = "sha256:e173486019cc283dc9778315fa29a363579372fe67045e971e89b6365cc035ed", size = 2079616 },
    { url = "https://files.pythonhosted.org/packages/65/71/af01033d4e58484c3db1e5d13e751ba5e3d6b87cc3368533df4c50932c8b/pydantic_core-2.27.1-pp310-pypy310_pp73-musllinux_1_1_x86_64.whl", hash = "sha256:af52d26579b308921b73b956153066481f064875140ccd1dfd4e77db89dbb12f", size = 2133265 },
    { url = "https://files.pythonhosted.org/packages/33/72/f881b5e18fbb67cf2fb4ab253660de3c6899dbb2dba409d0b757e3559e3d/pydantic_core-2.27.1-pp310-pypy310_pp73-win_amd64.whl", hash = "sha256:981fb88516bd1ae8b0cbbd2034678a39dedc98752f264ac9bc5839d3923fa04c", size = 2001864 },
]

[[package]]
name = "sniffio"
version = "1.3.1"
source = { registry = "https://pypi.org/simple" }
sdist = { url = "https://files.pythonhosted.org/packages/a2/87/a6771e1546d97e7e041b6ae58d80074f81b7d5121207425c964ddf5cfdbd/sniffio-1.3.1.tar.gz", hash = "sha256:f4324edc670a0f49750a81b895f35c3adb843cca46f0530f79fc1babb23789dc", size = 20372 }
wheels = [
    { url = "https://files.pythonhosted.org/packages/e9/44/75a9c9421471a6c4805dbf2356f7c181a29c1879239abab1ea2cc8f38b40/sniffio-1.3.1-py3-none-any.whl", hash = "sha256:2f6da418d1f1e0fddd844478f41680e794e6051915791a034ff65e5f100525a2", size = 10235 },
]

[[package]]
name = "typing-extensions"
version = "4.12.2"
source = { registry = "https://pypi.org/simple" }
sdist = { url = "https://files.pythonhosted.org/packages/df/db/f35a00659bc03fec321ba8bce9420de607a1d37f8342eee1863174c69557/typing_extensions-4.12.2.tar.gz", hash = "sha256:1a7ead55c7e559dd4dee8856e3a88b41225abfe1ce8df57b7c13915fe121ffb8", size = 85321 }
wheels = [
    { url = "https://files.pythonhosted.org/packages/26/9f/ad63fc0248c5379346306f8668cda6e2e2e9c95e01216d2b8ffd9ff037d0/typing_extensions-4.12.2-py3-none-any.whl", hash = "sha256:04e5ca0351e0f3f85c6853954072df659d0d13fac324d0072316b67d7794700d", size = 37438 },
]
