version = 1
requires-python = ">=3.10"

[[package]]
name = "anyio"
version = "4.7.0"
source = { registry = "https://pypi.org/simple" }
dependencies = [
    { name = "exceptiongroup", marker = "python_full_version < '3.11'" },
    { name = "idna" },
    { name = "sniffio" },
    { name = "typing-extensions", marker = "python_full_version < '3.13'" },
]
sdist = { url = "https://files.pythonhosted.org/packages/f6/40/318e58f669b1a9e00f5c4453910682e2d9dd594334539c7b7817dabb765f/anyio-4.7.0.tar.gz", hash = "sha256:2f834749c602966b7d456a7567cafcb309f96482b5081d14ac93ccd457f9dd48", size = 177076 }
wheels = [
    { url = "https://files.pythonhosted.org/packages/a0/7a/4daaf3b6c08ad7ceffea4634ec206faeff697526421c20f07628c7372156/anyio-4.7.0-py3-none-any.whl", hash = "sha256:ea60c3723ab42ba6fff7e8ccb0488c898ec538ff4df1f1d5e642c3601d07e352", size = 93052 },
]

[[package]]
name = "browser-cookie3"
version = "0.19.1"
source = { registry = "https://pypi.org/simple" }
dependencies = [
    { name = "jeepney", marker = "'bsd' in sys_platform or sys_platform == 'linux'" },
    { name = "lz4" },
    { name = "pycryptodomex" },
]
sdist = { url = "https://files.pythonhosted.org/packages/27/74/38bce788694ab4db1f91b729d782e85fefe855ccd1a5f74ee03e6ac43008/browser-cookie3-0.19.1.tar.gz", hash = "sha256:3031ad14b96b47ef1e4c8545f2f463e10ad844ef834dcd0ebdae361e31c6119a", size = 19969 }
wheels = [
    { url = "https://files.pythonhosted.org/packages/0a/0d/0fa3b3a13870a9beb4739449e2fc0071d66715b5c300783966541867457c/browser_cookie3-0.19.1-py3-none-any.whl", hash = "sha256:114e40fe80853211d65f14bc690a7d90c4c287251593dc5767692a950a9006d4", size = 14672 },
]

[[package]]
name = "certifi"
version = "2024.12.14"
source = { registry = "https://pypi.org/simple" }
sdist = { url = "https://files.pythonhosted.org/packages/0f/bd/1d41ee578ce09523c81a15426705dd20969f5abf006d1afe8aeff0dd776a/certifi-2024.12.14.tar.gz", hash = "sha256:b650d30f370c2b724812bee08008be0c4163b163ddaec3f2546c1caf65f191db", size = 166010 }
wheels = [
    { url = "https://files.pythonhosted.org/packages/a5/32/8f6669fc4798494966bf446c8c4a162e0b5d893dff088afddf76414f70e1/certifi-2024.12.14-py3-none-any.whl", hash = "sha256:1275f7a45be9464efc1173084eaa30f866fe2e47d389406136d332ed4967ec56", size = 164927 },
]

[[package]]
name = "exceptiongroup"
version = "1.2.2"
source = { registry = "https://pypi.org/simple" }
sdist = { url = "https://files.pythonhosted.org/packages/09/35/2495c4ac46b980e4ca1f6ad6db102322ef3ad2410b79fdde159a4b0f3b92/exceptiongroup-1.2.2.tar.gz", hash = "sha256:47c2edf7c6738fafb49fd34290706d1a1a2f4d1c6df275526b62cbb4aa5393cc", size = 28883 }
wheels = [
    { url = "https://files.pythonhosted.org/packages/02/cc/b7e31358aac6ed1ef2bb790a9746ac2c69bcb3c8588b41616914eb106eaf/exceptiongroup-1.2.2-py3-none-any.whl", hash = "sha256:3111b9d131c238bec2f8f516e123e14ba243563fb135d3fe885990585aa7795b", size = 16453 },
]

[[package]]
name = "familylink"
version = "0.0.0"
source = { editable = "." }
dependencies = [
    { name = "browser-cookie3" },
    { name = "httpx" },
    { name = "pydantic" },
]

[package.metadata]
requires-dist = [
    { name = "browser-cookie3", specifier = ">=0.19.1" },
    { name = "httpx", specifier = ">=0.28.1" },
    { name = "pydantic", specifier = ">=1.8.2" },
]

[[package]]
name = "h11"
version = "0.14.0"
source = { registry = "https://pypi.org/simple" }
sdist = { url = "https://files.pythonhosted.org/packages/f5/38/3af3d3633a34a3316095b39c8e8fb4853a28a536e55d347bd8d8e9a14b03/h11-0.14.0.tar.gz", hash = "sha256:8f19fbbe99e72420ff35c00b27a34cb9937e902a8b810e2c88300c6f0a3b699d", size = 100418 }
wheels = [
    { url = "https://files.pythonhosted.org/packages/95/04/ff642e65ad6b90db43e668d70ffb6736436c7ce41fcc549f4e9472234127/h11-0.14.0-py3-none-any.whl", hash = "sha256:e3fe4ac4b851c468cc8363d500db52c2ead036020723024a109d37346efaa761", size = 58259 },
]

[[package]]
name = "httpcore"
version = "1.0.7"
source = { registry = "https://pypi.org/simple" }
dependencies = [
    { name = "certifi" },
    { name = "h11" },
]
sdist = { url = "https://files.pythonhosted.org/packages/6a/41/d7d0a89eb493922c37d343b607bc1b5da7f5be7e383740b4753ad8943e90/httpcore-1.0.7.tar.gz", hash = "sha256:8551cb62a169ec7162ac7be8d4817d561f60e08eaa485234898414bb5a8a0b4c", size = 85196 }
wheels = [
    { url = "https://files.pythonhosted.org/packages/87/f5/72347bc88306acb359581ac4d52f23c0ef445b57157adedb9aee0cd689d2/httpcore-1.0.7-py3-none-any.whl", hash = "sha256:a3fff8f43dc260d5bd363d9f9cf1830fa3a458b332856f34282de498ed420edd", size = 78551 },
]

[[package]]
name = "httpx"
version = "0.28.1"
source = { registry = "https://pypi.org/simple" }
dependencies = [
    { name = "anyio" },
    { name = "certifi" },
    { name = "httpcore" },
    { name = "idna" },
]
sdist = { url = "https://files.pythonhosted.org/packages/b1/df/48c586a5fe32a0f01324ee087459e112ebb7224f646c0b5023f5e79e9956/httpx-0.28.1.tar.gz", hash = "sha256:75e98c5f16b0f35b567856f597f06ff2270a374470a5c2392242528e3e3e42fc", size = 141406 }
wheels = [
    { url = "https://files.pythonhosted.org/packages/2a/39/e50c7c3a983047577ee07d2a9e53faf5a69493943ec3f6a384bdc792deb2/httpx-0.28.1-py3-none-any.whl", hash = "sha256:d909fcccc110f8c7faf814ca82a9a4d816bc5a6dbfea25d6591d6985b8ba59ad", size = 73517 },
]

[[package]]
name = "idna"
version = "3.10"
source = { registry = "https://pypi.org/simple" }
sdist = { url = "https://files.pythonhosted.org/packages/f1/70/7703c29685631f5a7590aa73f1f1d3fa9a380e654b86af429e0934a32f7d/idna-3.10.tar.gz", hash = "sha256:12f65c9b470abda6dc35cf8e63cc574b1c52b11df2c86030af0ac09b01b13ea9", size = 190490 }
wheels = [
    { url = "https://files.pythonhosted.org/packages/76/c6/c88e154df9c4e1a2a66ccf0005a88dfb2650c1dffb6f5ce603dfbd452ce3/idna-3.10-py3-none-any.whl", hash = "sha256:946d195a0d259cbba61165e88e65941f16e9b36ea6ddb97f00452bae8b1287d3", size = 70442 },
]

[[package]]
name = "jeepney"
version = "0.8.0"
source = { registry = "https://pypi.org/simple" }
sdist = { url = "https://files.pythonhosted.org/packages/d6/f4/154cf374c2daf2020e05c3c6a03c91348d59b23c5366e968feb198306fdf/jeepney-0.8.0.tar.gz", hash = "sha256:5efe48d255973902f6badc3ce55e2aa6c5c3b3bc642059ef3a91247bcfcc5806", size = 106005 }
wheels = [
    { url = "https://files.pythonhosted.org/packages/ae/72/2a1e2290f1ab1e06f71f3d0f1646c9e4634e70e1d37491535e19266e8dc9/jeepney-0.8.0-py3-none-any.whl", hash = "sha256:c0a454ad016ca575060802ee4d590dd912e35c122fa04e70306de3d076cce755", size = 48435 },
]

[[package]]
name = "lz4"
version = "4.3.3"
source = { registry = "https://pypi.org/simple" }
sdist = { url = "https://files.pythonhosted.org/packages/a4/31/ec1259ca8ad11568abaf090a7da719616ca96b60d097ccc5799cd0ff599c/lz4-4.3.3.tar.gz", hash = "sha256:01fe674ef2889dbb9899d8a67361e0c4a2c833af5aeb37dd505727cf5d2a131e", size = 171509 }
wheels = [
    { url = "https://files.pythonhosted.org/packages/ff/53/61258b5effac76dea5768b07042b2c3c56e15a91194cef92284a0dc0f5e7/lz4-4.3.3-cp310-cp310-macosx_10_9_x86_64.whl", hash = "sha256:b891880c187e96339474af2a3b2bfb11a8e4732ff5034be919aa9029484cd201", size = 254266 },
    { url = "https://files.pythonhosted.org/packages/92/84/c243a5515950d72ff04220fd49903801825e4ac23691e19e7082d9d9f94b/lz4-4.3.3-cp310-cp310-macosx_11_0_arm64.whl", hash = "sha256:222a7e35137d7539c9c33bb53fcbb26510c5748779364014235afc62b0ec797f", size = 212359 },
    { url = "https://files.pythonhosted.org/packages/10/26/5287564a909d069fdd6c25f2f420c58c5758993fa3ad2e064a7b610e6e5f/lz4-4.3.3-cp310-cp310-manylinux_2_17_aarch64.manylinux2014_aarch64.whl", hash = "sha256:f76176492ff082657ada0d0f10c794b6da5800249ef1692b35cf49b1e93e8ef7", size = 1237799 },
    { url = "https://files.pythonhosted.org/packages/cf/50/75c8f966dbcc524e7253f99b8e04c6cad7328f517eb0323abf8b4068f5bb/lz4-4.3.3-cp310-cp310-manylinux_2_17_x86_64.manylinux2014_x86_64.whl", hash = "sha256:f1d18718f9d78182c6b60f568c9a9cec8a7204d7cb6fad4e511a2ef279e4cb05", size = 1263957 },
    { url = "https://files.pythonhosted.org/packages/91/54/0f61c77a9599beb14ac5b828e8da20a04c6eaadb4f3fdbd79a817c66eb74/lz4-4.3.3-cp310-cp310-manylinux_2_5_i686.manylinux1_i686.manylinux_2_17_i686.manylinux2014_i686.whl", hash = "sha256:6cdc60e21ec70266947a48839b437d46025076eb4b12c76bd47f8e5eb8a75dcc", size = 1184035 },
    { url = "https://files.pythonhosted.org/packages/8e/84/3be7fad87d84b67cd43174d67fc567e0aa3be154f8b0a1c2c0ff8df30854/lz4-4.3.3-cp310-cp310-win32.whl", hash = "sha256:c81703b12475da73a5d66618856d04b1307e43428a7e59d98cfe5a5d608a74c6", size = 87235 },
    { url = "https://files.pythonhosted.org/packages/21/08/dc4714eb771b502deec8a714e40e5fbd2242bacd5fe55dcd29a0cb35c567/lz4-4.3.3-cp310-cp310-win_amd64.whl", hash = "sha256:43cf03059c0f941b772c8aeb42a0813d68d7081c009542301637e5782f8a33e2", size = 99781 },
    { url = "https://files.pythonhosted.org/packages/f9/f7/cfb942edd53c8a6aba168720ccf3d6a0cac3e891a7feba97d5823b5dd047/lz4-4.3.3-cp311-cp311-macosx_10_9_x86_64.whl", hash = "sha256:30e8c20b8857adef7be045c65f47ab1e2c4fabba86a9fa9a997d7674a31ea6b6", size = 254267 },
    { url = "https://files.pythonhosted.org/packages/71/ca/046bd7e7e1ed4639eb398192374bc3fbf5010d3c168361fec161b63e8bfa/lz4-4.3.3-cp311-cp311-macosx_11_0_arm64.whl", hash = "sha256:2f7b1839f795315e480fb87d9bc60b186a98e3e5d17203c6e757611ef7dcef61", size = 212353 },
    { url = "https://files.pythonhosted.org/packages/0c/c2/5beb6a7bb7fd27cd5fe5bb93c15636d30987794b161e4609fbf20dc3b5c7/lz4-4.3.3-cp311-cp311-manylinux_2_17_aarch64.manylinux2014_aarch64.whl", hash = "sha256:edfd858985c23523f4e5a7526ca6ee65ff930207a7ec8a8f57a01eae506aaee7", size = 1239095 },
    { url = "https://files.pythonhosted.org/packages/cf/d4/12915eb3083dfd1746d50b71b73334030b129cd25abbed9133dd2d413c21/lz4-4.3.3-cp311-cp311-manylinux_2_17_x86_64.manylinux2014_x86_64.whl", hash = "sha256:0e9c410b11a31dbdc94c05ac3c480cb4b222460faf9231f12538d0074e56c563", size = 1265760 },
    { url = "https://files.pythonhosted.org/packages/94/7b/5e72b7504d7675b484812bfc65fe958f7649a64e0d6fe35c11812511f0b5/lz4-4.3.3-cp311-cp311-manylinux_2_5_i686.manylinux1_i686.manylinux_2_17_i686.manylinux2014_i686.whl", hash = "sha256:d2507ee9c99dbddd191c86f0e0c8b724c76d26b0602db9ea23232304382e1f21", size = 1185451 },
    { url = "https://files.pythonhosted.org/packages/2f/b5/3726a678b3a0c64d24e71179e35e7ff8e3553da9d32c2fddce879d042b63/lz4-4.3.3-cp311-cp311-win32.whl", hash = "sha256:f180904f33bdd1e92967923a43c22899e303906d19b2cf8bb547db6653ea6e7d", size = 87232 },
    { url = "https://files.pythonhosted.org/packages/55/f9/69ed96043dae4d982286a4dda2feb473f49e95e4c90a928ec583d93769a2/lz4-4.3.3-cp311-cp311-win_amd64.whl", hash = "sha256:b14d948e6dce389f9a7afc666d60dd1e35fa2138a8ec5306d30cd2e30d36b40c", size = 99794 },
    { url = "https://files.pythonhosted.org/packages/4d/6f/081811b17ccaec5f06b3030756af2737841447849118a6e1078481a78c6c/lz4-4.3.3-cp312-cp312-macosx_10_9_x86_64.whl", hash = "sha256:e36cd7b9d4d920d3bfc2369840da506fa68258f7bb176b8743189793c055e43d", size = 254213 },
    { url = "https://files.pythonhosted.org/packages/53/4d/8e04ef75feff8848ba3c624ce81c7732bdcea5f8f994758afa88cd3d7764/lz4-4.3.3-cp312-cp312-macosx_11_0_arm64.whl", hash = "sha256:31ea4be9d0059c00b2572d700bf2c1bc82f241f2c3282034a759c9a4d6ca4dc2", size = 212354 },
    { url = "https://files.pythonhosted.org/packages/a3/04/257a72d6a879dbc8c669018989f776fcdd5b4bf3c2c51c09a54f1ca31721/lz4-4.3.3-cp312-cp312-manylinux_2_17_aarch64.manylinux2014_aarch64.whl", hash = "sha256:33c9a6fd20767ccaf70649982f8f3eeb0884035c150c0b818ea660152cf3c809", size = 1238643 },
    { url = "https://files.pythonhosted.org/packages/d9/93/4a7e489156fa7ded03ba9cde4a8ca7f373672b5787cac9a0391befa752a1/lz4-4.3.3-cp312-cp312-manylinux_2_17_x86_64.manylinux2014_x86_64.whl", hash = "sha256:bca8fccc15e3add173da91be8f34121578dc777711ffd98d399be35487c934bf", size = 1265014 },
    { url = "https://files.pythonhosted.org/packages/fd/a4/f84ebc23bc7602623b1b003b4e1120cbf86fb03a35c595c226be1985449b/lz4-4.3.3-cp312-cp312-manylinux_2_5_i686.manylinux1_i686.manylinux_2_17_i686.manylinux2014_i686.whl", hash = "sha256:e7d84b479ddf39fe3ea05387f10b779155fc0990125f4fb35d636114e1c63a2e", size = 1184881 },
    { url = "https://files.pythonhosted.org/packages/de/3d/8ba48305378e84908221de143a21ba0c0ce52778893865cf85b66b1068da/lz4-4.3.3-cp312-cp312-win32.whl", hash = "sha256:337cb94488a1b060ef1685187d6ad4ba8bc61d26d631d7ba909ee984ea736be1", size = 87241 },
    { url = "https://files.pythonhosted.org/packages/c4/5d/7b70965a0692de29af2af1007fe837f46fd456bbe2aa8f838a8543a3b5cb/lz4-4.3.3-cp312-cp312-win_amd64.whl", hash = "sha256:5d35533bf2cee56f38ced91f766cd0038b6abf46f438a80d50c52750088be93f", size = 99776 },
]

[[package]]
name = "pycryptodomex"
version = "3.21.0"
source = { registry = "https://pypi.org/simple" }
sdist = { url = "https://files.pythonhosted.org/packages/11/dc/e66551683ade663b5f07d7b3bc46434bf703491dbd22ee12d1f979ca828f/pycryptodomex-3.21.0.tar.gz", hash = "sha256:222d0bd05381dd25c32dd6065c071ebf084212ab79bab4599ba9e6a3e0009e6c", size = 4818543 }
wheels = [
    { url = "https://files.pythonhosted.org/packages/22/5e/99f217d9881eead69607a2248dd7bbdf610837d7f5ad53f45a6cb71bbbfb/pycryptodomex-3.21.0-cp36-abi3-macosx_10_9_universal2.whl", hash = "sha256:34325b84c8b380675fd2320d0649cdcbc9cf1e0d1526edbe8fce43ed858cdc7e", size = 2499490 },
    { url = "https://files.pythonhosted.org/packages/ce/8f/4d0e2a859a6470289d64e39b419f01d2494dfa2e4995342d50f6c2834237/pycryptodomex-3.21.0-cp36-abi3-macosx_10_9_x86_64.whl", hash = "sha256:103c133d6cd832ae7266feb0a65b69e3a5e4dbbd6f3a3ae3211a557fd653f516", size = 1638037 },
    { url = "https://files.pythonhosted.org/packages/0c/9e/6e748c1fa814c956d356f93cf7192b19487ca56fc9e2a0bcde2bbc057601/pycryptodomex-3.21.0-cp36-abi3-manylinux_2_17_aarch64.manylinux2014_aarch64.whl", hash = "sha256:77ac2ea80bcb4b4e1c6a596734c775a1615d23e31794967416afc14852a639d3", size = 2172279 },
    { url = "https://files.pythonhosted.org/packages/46/3f/f5bef92b11750af9e3516d4e69736eeeff20a2818d34611508bef5a7b381/pycryptodomex-3.21.0-cp36-abi3-manylinux_2_17_x86_64.manylinux2014_x86_64.whl", hash = "sha256:9aa0cf13a1a1128b3e964dc667e5fe5c6235f7d7cfb0277213f0e2a783837cc2", size = 2258130 },
    { url = "https://files.pythonhosted.org/packages/de/4d/f0c65afd64ce435fd0547187ce6f99dfb37cdde16b05b57bca9f5c06966e/pycryptodomex-3.21.0-cp36-abi3-manylinux_2_5_i686.manylinux1_i686.manylinux_2_17_i686.manylinux2014_i686.whl", hash = "sha256:46eb1f0c8d309da63a2064c28de54e5e614ad17b7e2f88df0faef58ce192fc7b", size = 2297719 },
    { url = "https://files.pythonhosted.org/packages/1c/6a/2a1a101b0345ee70376ba93df8de6c8c01aac8341fda02970800873456a7/pycryptodomex-3.21.0-cp36-abi3-musllinux_1_1_aarch64.whl", hash = "sha256:cc7e111e66c274b0df5f4efa679eb31e23c7545d702333dfd2df10ab02c2a2ce", size = 2164079 },
    { url = "https://files.pythonhosted.org/packages/3d/00/90a15f16c234815b660303c2d7266b41b401ea2605f3a90373e9d425e39f/pycryptodomex-3.21.0-cp36-abi3-musllinux_1_2_i686.whl", hash = "sha256:770d630a5c46605ec83393feaa73a9635a60e55b112e1fb0c3cea84c2897aa0a", size = 2333060 },
    { url = "https://files.pythonhosted.org/packages/61/74/49f5d20c514ccc631b940cc9dfec45dcce418dc84a98463a2e2ebec33904/pycryptodomex-3.21.0-cp36-abi3-musllinux_1_2_x86_64.whl", hash = "sha256:52e23a0a6e61691134aa8c8beba89de420602541afaae70f66e16060fdcd677e", size = 2257982 },
    { url = "https://files.pythonhosted.org/packages/92/4b/d33ef74e2cc0025a259936661bb53432c5bbbadc561c5f2e023bcd73ce4c/pycryptodomex-3.21.0-cp36-abi3-win32.whl", hash = "sha256:a3d77919e6ff56d89aada1bd009b727b874d464cb0e2e3f00a49f7d2e709d76e", size = 1779052 },
    { url = "https://files.pythonhosted.org/packages/5b/be/7c991840af1184009fc86267160948350d1bf875f153c97bb471ad944e40/pycryptodomex-3.21.0-cp36-abi3-win_amd64.whl", hash = "sha256:b0e9765f93fe4890f39875e6c90c96cb341767833cfa767f41b490b506fa9ec0", size = 1816307 },
    { url = "https://files.pythonhosted.org/packages/af/ac/24125ad36778914a36f08d61ba5338cb9159382c638d9761ee19c8de822c/pycryptodomex-3.21.0-pp27-pypy_73-manylinux2010_x86_64.whl", hash = "sha256:feaecdce4e5c0045e7a287de0c4351284391fe170729aa9182f6bd967631b3a8", size = 1694999 },
    { url = "https://files.pythonhosted.org/packages/93/73/be7a54a5903508070e5508925ba94493a1f326cfeecfff750e3eb250ea28/pycryptodomex-3.21.0-pp27-pypy_73-win32.whl", hash = "sha256:365aa5a66d52fd1f9e0530ea97f392c48c409c2f01ff8b9a39c73ed6f527d36c", size = 1769437 },
    { url = "https://files.pythonhosted.org/packages/e5/9f/39a6187f3986841fa6a9f35c6fdca5030ef73ff708b45a993813a51d7d10/pycryptodomex-3.21.0-pp310-pypy310_pp73-macosx_10_15_x86_64.whl", hash = "sha256:3efddfc50ac0ca143364042324046800c126a1d63816d532f2e19e6f2d8c0c31", size = 1619607 },
    { url = "https://files.pythonhosted.org/packages/f8/70/60bb08e9e9841b18d4669fb69d84b64ce900aacd7eb0ebebd4c7b9bdecd3/pycryptodomex-3.21.0-pp310-pypy310_pp73-manylinux_2_17_x86_64.manylinux2014_x86_64.whl", hash = "sha256:0df2608682db8279a9ebbaf05a72f62a321433522ed0e499bc486a6889b96bf3", size = 1653571 },
    { url = "https://files.pythonhosted.org/packages/c9/6f/191b73509291c5ff0dddec9cc54797b1d73303c12b2e4017b24678e57099/pycryptodomex-3.21.0-pp310-pypy310_pp73-manylinux_2_5_i686.manylinux1_i686.manylinux_2_17_i686.manylinux2014_i686.whl", hash = "sha256:5823d03e904ea3e53aebd6799d6b8ec63b7675b5d2f4a4bd5e3adcb512d03b37", size = 1691548 },
    { url = "https://files.pythonhosted.org/packages/2d/c7/a0d3356f3074ac548afefa515ff46f3bea011deca607faf1c09b26dd5330/pycryptodomex-3.21.0-pp310-pypy310_pp73-win_amd64.whl", hash = "sha256:27e84eeff24250ffec32722334749ac2a57a5fd60332cd6a0680090e7c42877e", size = 1792099 },
]

[[package]]
name = "pydantic"
version = "1.10.19"
source = { registry = "https://pypi.org/simple" }
dependencies = [
    { name = "typing-extensions" },
]
sdist = { url = "https://files.pythonhosted.org/packages/a1/2d/df30554721cdad26b241b7a92e726dd1c3716d90c92915731eb00e17a9f7/pydantic-1.10.19.tar.gz", hash = "sha256:fea36c2065b7a1d28c6819cc2e93387b43dd5d3cf5a1e82d8132ee23f36d1f10", size = 355208 }
wheels = [
    { url = "https://files.pythonhosted.org/packages/e2/ba/c94b9cc035ffdc8e445600be0fc53718adda7e537c62c5ef965a319aa13b/pydantic-1.10.19-cp310-cp310-macosx_10_9_x86_64.whl", hash = "sha256:a415b9e95fa602b10808113967f72b2da8722061265d6af69268c111c254832d", size = 2608044 },
    { url = "https://files.pythonhosted.org/packages/6e/8d/dad8f46d1287dadef2fdf8b387881ad5391170449447272f64cb91cfcc04/pydantic-1.10.19-cp310-cp310-macosx_11_0_arm64.whl", hash = "sha256:11965f421f7eb026439d4eb7464e9182fe6d69c3d4d416e464a4485d1ba61ab6", size = 2298308 },
    { url = "https://files.pythonhosted.org/packages/fc/6c/a91074909c7f3dfacee3faa199e5642f428fc5b70ab405e1b5347f7f7d3d/pydantic-1.10.19-cp310-cp310-manylinux_2_17_x86_64.manylinux2014_x86_64.whl", hash = "sha256:f5bb81fcfc6d5bff62cd786cbd87480a11d23f16d5376ad2e057c02b3b44df96", size = 3123771 },
    { url = "https://files.pythonhosted.org/packages/63/df/345d250339c712b4e25914a7438897de0b055246c19cc0d83e7e7f8889ff/pydantic-1.10.19-cp310-cp310-manylinux_2_5_i686.manylinux1_i686.manylinux_2_17_i686.manylinux2014_i686.whl", hash = "sha256:83ee8c9916689f8e6e7d90161e6663ac876be2efd32f61fdcfa3a15e87d4e413", size = 3151934 },
    { url = "https://files.pythonhosted.org/packages/24/5a/ab448a23cffc3081d99581c65a7bd6d1944327c07723f50e3919b003f34e/pydantic-1.10.19-cp310-cp310-musllinux_1_1_i686.whl", hash = "sha256:0399094464ae7f28482de22383e667625e38e1516d6b213176df1acdd0c477ea", size = 3183816 },
    { url = "https://files.pythonhosted.org/packages/03/92/a16d5e374a44b37837c3a677737f15dc8dcb30739d84653c24cd4d9d1f70/pydantic-1.10.19-cp310-cp310-musllinux_1_1_x86_64.whl", hash = "sha256:8b2cf5e26da84f2d2dee3f60a3f1782adedcee785567a19b68d0af7e1534bd1f", size = 3142492 },
    { url = "https://files.pythonhosted.org/packages/51/de/f6a33ffa2f8f117fa3f5499d0b1cdc99180d8d5a3a10707803069189e146/pydantic-1.10.19-cp310-cp310-win_amd64.whl", hash = "sha256:1fc8cc264afaf47ae6a9bcbd36c018d0c6b89293835d7fb0e5e1a95898062d59", size = 2141320 },
    { url = "https://files.pythonhosted.org/packages/d9/e7/c3276090605233eeda49e3f290ef6e8dc59962f883fa7934455996986d67/pydantic-1.10.19-cp311-cp311-macosx_10_9_x86_64.whl", hash = "sha256:d7a8a1dd68bac29f08f0a3147de1885f4dccec35d4ea926e6e637fac03cdb4b3", size = 2582314 },
    { url = "https://files.pythonhosted.org/packages/79/4c/fea1176272425a1b972db48b5b2582165095f22d88d4a249f02439dcd3e5/pydantic-1.10.19-cp311-cp311-macosx_11_0_arm64.whl", hash = "sha256:07d00ca5ef0de65dd274005433ce2bb623730271d495a7d190a91c19c5679d34", size = 2269582 },
    { url = "https://files.pythonhosted.org/packages/85/e5/34b62732fa683d1171be07fb40f0bab3fb35bc52e56bfcae1629aee236c4/pydantic-1.10.19-cp311-cp311-manylinux_2_17_x86_64.manylinux2014_x86_64.whl", hash = "sha256:ad57004e5d73aee36f1e25e4e73a4bc853b473a1c30f652dc8d86b0a987ffce3", size = 3088988 },
    { url = "https://files.pythonhosted.org/packages/f5/23/be131d6162cd2c4f7f29cf0a881c0e9bdbf7c37010803f8a85010bf016bf/pydantic-1.10.19-cp311-cp311-manylinux_2_5_i686.manylinux1_i686.manylinux_2_17_i686.manylinux2014_i686.whl", hash = "sha256:dce355fe7ae53e3090f7f5fa242423c3a7b53260747aa398b4b3aaf8b25f41c3", size = 3120098 },
    { url = "https://files.pythonhosted.org/packages/f1/72/7cf7dfc8e68098751a5cee8969a967dad2acf9ce460963d071296bdeee81/pydantic-1.10.19-cp311-cp311-musllinux_1_1_i686.whl", hash = "sha256:0d32227ea9a3bf537a2273fd2fdb6d64ab4d9b83acd9e4e09310a777baaabb98", size = 3164823 },
    { url = "https://files.pythonhosted.org/packages/43/09/c7eb4c39faf7f01ebaed3fae8bf0b31388f2f7ffcefb07b2e5b9ea0f0617/pydantic-1.10.19-cp311-cp311-musllinux_1_1_x86_64.whl", hash = "sha256:e351df83d1c9cffa53d4e779009a093be70f1d5c6bb7068584086f6a19042526", size = 3115412 },
    { url = "https://files.pythonhosted.org/packages/80/a7/f9ecaaf940193a68d9566e2e61edce5f57d75591e59ff07a6af5fa7fb56f/pydantic-1.10.19-cp311-cp311-win_amd64.whl", hash = "sha256:d8d72553d2f3f57ce547de4fa7dc8e3859927784ab2c88343f1fc1360ff17a08", size = 2119019 },
    { url = "https://files.pythonhosted.org/packages/dc/bb/4883d3957b10b814b3bd7b7e8d51274f756e243e5eebd2f1cda36d933a32/pydantic-1.10.19-cp312-cp312-macosx_10_9_x86_64.whl", hash = "sha256:d5b5b7c6bafaef90cbb7dafcb225b763edd71d9e22489647ee7df49d6d341890", size = 2410108 },
    { url = "https://files.pythonhosted.org/packages/86/80/752f888be6b068727fb893d4d875ef1cc6bb3ed3dc382f33a019fc26598a/pydantic-1.10.19-cp312-cp312-macosx_11_0_arm64.whl", hash = "sha256:570ad0aeaf98b5e33ff41af75aba2ef6604ee25ce0431ecd734a28e74a208555", size = 2166105 },
    { url = "https://files.pythonhosted.org/packages/af/d4/346e56049cbc5ca429a1590bd0ab47cc154b1dec9e85fc920f7d5e50c889/pydantic-1.10.19-cp312-cp312-manylinux_2_17_x86_64.manylinux2014_x86_64.whl", hash = "sha256:0890fbd7fec9e151c7512941243d830b2d6076d5df159a2030952d480ab80a4e", size = 2800443 },
    { url = "https://files.pythonhosted.org/packages/c5/73/e1934973bf8bf436f1e1e365ed48dc51da5d7ba8b88dcd2239c962a267e0/pydantic-1.10.19-cp312-cp312-manylinux_2_5_i686.manylinux1_i686.manylinux_2_17_i686.manylinux2014_i686.whl", hash = "sha256:ec5c44e6e9eac5128a9bfd21610df3b8c6b17343285cc185105686888dc81206", size = 2830897 },
    { url = "https://files.pythonhosted.org/packages/87/5e/90e3e3c8bd70012986c22aa5f291aab948bdf419ca694833872594ff99ea/pydantic-1.10.19-cp312-cp312-musllinux_1_1_i686.whl", hash = "sha256:6eb56074b11a696e0b66c7181da682e88c00e5cebe6570af8013fcae5e63e186", size = 2863147 },
    { url = "https://files.pythonhosted.org/packages/50/c2/95be3fdfafdaf49d09369a46bbcf1f22494765479b44436e954837b818cc/pydantic-1.10.19-cp312-cp312-musllinux_1_1_x86_64.whl", hash = "sha256:9d7d48fbc5289efd23982a0d68e973a1f37d49064ccd36d86de4543aff21e086", size = 2823662 },
    { url = "https://files.pythonhosted.org/packages/00/ba/8b1c91cc27428b5e9d340abf99f82c01987eb638937ff64ae0166354bff0/pydantic-1.10.19-cp312-cp312-win_amd64.whl", hash = "sha256:fd34012691fbd4e67bdf4accb1f0682342101015b78327eaae3543583fcd451e", size = 1950372 },
    { url = "https://files.pythonhosted.org/packages/a4/68/99ebf43b6b0321175cff0a05f0ce7fa51a8de67d390ccb8ab0d534be86a9/pydantic-1.10.19-py3-none-any.whl", hash = "sha256:2206a1752d9fac011e95ca83926a269fb0ef5536f7e053966d058316e24d929f", size = 165863 },
]

[[package]]
name = "sniffio"
version = "1.3.1"
source = { registry = "https://pypi.org/simple" }
sdist = { url = "https://files.pythonhosted.org/packages/a2/87/a6771e1546d97e7e041b6ae58d80074f81b7d5121207425c964ddf5cfdbd/sniffio-1.3.1.tar.gz", hash = "sha256:f4324edc670a0f49750a81b895f35c3adb843cca46f0530f79fc1babb23789dc", size = 20372 }
wheels = [
    { url = "https://files.pythonhosted.org/packages/e9/44/75a9c9421471a6c4805dbf2356f7c181a29c1879239abab1ea2cc8f38b40/sniffio-1.3.1-py3-none-any.whl", hash = "sha256:2f6da418d1f1e0fddd844478f41680e794e6051915791a034ff65e5f100525a2", size = 10235 },
]

[[package]]
name = "typing-extensions"
version = "4.12.2"
source = { registry = "https://pypi.org/simple" }
sdist = { url = "https://files.pythonhosted.org/packages/df/db/f35a00659bc03fec321ba8bce9420de607a1d37f8342eee1863174c69557/typing_extensions-4.12.2.tar.gz", hash = "sha256:1a7ead55c7e559dd4dee8856e3a88b41225abfe1ce8df57b7c13915fe121ffb8", size = 85321 }
wheels = [
    { url = "https://files.pythonhosted.org/packages/26/9f/ad63fc0248c5379346306f8668cda6e2e2e9c95e01216d2b8ffd9ff037d0/typing_extensions-4.12.2-py3-none-any.whl", hash = "sha256:04e5ca0351e0f3f85c6853954072df659d0d13fac324d0072316b67d7794700d", size = 37438 },
]
